# This file is automatically @generated by Cargo.
# It is not intended for manual editing.
version = 3

[[package]]
name = "bitflags"
version = "1.3.2"
source = "registry+https://github.com/rust-lang/crates.io-index"
checksum = "bef38d45163c2f1dde094a7dfd33ccf595c92905c8f8f4fdc18d06fb1037718a"

[[package]]
name = "lisk"
version = "0.1.0"
dependencies = [
 "piston",
]

[[package]]
name = "once_cell"
version = "1.18.0"
source = "registry+https://github.com/rust-lang/crates.io-index"
checksum = "dd8b5dd2ae5ed71462c540258bedcb51965123ad7e7ccf4b9a8cafaa4a63576d"

[[package]]
name = "piston"
version = "0.53.2"
source = "registry+https://github.com/rust-lang/crates.io-index"
checksum = "6e465487e1063ebe4103bc0fb65bc3dd604b635b2012a41530d3a5f77106e526"
dependencies = [
 "pistoncore-event_loop",
 "pistoncore-input",
 "pistoncore-window",
]

[[package]]
name = "piston-float"
version = "1.0.1"
source = "registry+https://github.com/rust-lang/crates.io-index"
checksum = "ad78bf43dcf80e8f950c92b84f938a0fc7590b7f6866fbcbeca781609c115590"

[[package]]
name = "piston-graphics_api_version"
version = "1.0.1"
source = "registry+https://github.com/rust-lang/crates.io-index"
checksum = "3b06401e3ea38467d8d85b394557408107e3e56d827f0d00c9b47e902cbd1bed"

[[package]]
name = "piston-viewport"
version = "1.0.2"
source = "registry+https://github.com/rust-lang/crates.io-index"
checksum = "61ecaf8ae0d71dd9cdbbd8662b47659621c09430ff3cb880d154858d3b8ac001"
dependencies = [
 "piston-float",
]

[[package]]
name = "pistoncore-event_loop"
version = "0.53.1"
source = "registry+https://github.com/rust-lang/crates.io-index"
checksum = "41d86b3bf012430bb23694348615e37769aca0e9910539ce93674006aeeb77e6"
dependencies = [
 "pistoncore-input",
 "pistoncore-window",
 "spin_sleep",
]

[[package]]
name = "pistoncore-input"
version = "1.0.1"
source = "registry+https://github.com/rust-lang/crates.io-index"
checksum = "2977fed6eb16c554fd445a09a50c8a0c250f4c50f752be46a7bd9dcc5ba471f0"
dependencies = [
 "bitflags",
 "piston-viewport",
 "serde",
 "serde_derive",
]

[[package]]
name = "pistoncore-window"
version = "0.47.1"
source = "registry+https://github.com/rust-lang/crates.io-index"
checksum = "d62962b4e9cfc13143c77e032302fedc58a8f0f570d30006cdb38ba00a5e50bf"
dependencies = [
 "piston-graphics_api_version",
 "pistoncore-input",
]

[[package]]
name = "proc-macro2"
version = "1.0.60"
source = "registry+https://github.com/rust-lang/crates.io-index"
checksum = "dec2b086b7a862cf4de201096214fa870344cf922b2b30c167badb3af3195406"
dependencies = [
 "unicode-ident",
]

[[package]]
name = "quote"
version = "1.0.28"
source = "registry+https://github.com/rust-lang/crates.io-index"
checksum = "1b9ab9c7eadfd8df19006f1cf1a4aed13540ed5cbc047010ece5826e10825488"
dependencies = [
 "proc-macro2",
]

[[package]]
name = "serde"
version = "1.0.164"
source = "registry+https://github.com/rust-lang/crates.io-index"
checksum = "9e8c8cf938e98f769bc164923b06dce91cea1751522f46f8466461af04c9027d"

[[package]]
name = "serde_derive"
version = "1.0.164"
source = "registry+https://github.com/rust-lang/crates.io-index"
checksum = "d9735b638ccc51c28bf6914d90a2e9725b377144fc612c49a611fddd1b631d68"
dependencies = [
 "proc-macro2",
 "quote",
 "syn",
]

[[package]]
name = "spin_sleep"
version = "1.1.1"
source = "registry+https://github.com/rust-lang/crates.io-index"
checksum = "cafa7900db085f4354dbc7025e25d7a839a14360ea13b5fc4fd717f2d3b23134"
dependencies = [
 "once_cell",
 "winapi",
]

[[package]]
name = "syn"
version = "2.0.18"
source = "registry+https://github.com/rust-lang/crates.io-index"
checksum = "32d41677bcbe24c20c52e7c70b0d8db04134c5d1066bf98662e2871ad200ea3e"
dependencies = [
 "proc-macro2",
 "quote",
 "unicode-ident",
]

[[package]]
name = "unicode-ident"
version = "1.0.9"
source = "registry+https://github.com/rust-lang/crates.io-index"
checksum = "b15811caf2415fb889178633e7724bad2509101cde276048e013b9def5e51fa0"

[[package]]
name = "winapi"
version = "0.3.9"
source = "registry+https://github.com/rust-lang/crates.io-index"
checksum = "5c839a674fcd7a98952e593242ea400abe93992746761e38641405d28b00f419"
dependencies = [
 "winapi-i686-pc-windows-gnu",
 "winapi-x86_64-pc-windows-gnu",
]

[[package]]
name = "winapi-i686-pc-windows-gnu"
version = "0.4.0"
source = "registry+https://github.com/rust-lang/crates.io-index"
checksum = "ac3b87c63620426dd9b991e5ce0329eff545bccbbb34f3be09ff6fb6ab51b7b6"

[[package]]
name = "winapi-x86_64-pc-windows-gnu"
version = "0.4.0"
source = "registry+https://github.com/rust-lang/crates.io-index"
checksum = "712e227841d057c1ee1cd2fb22fa7e5a5461ae8e48fa2ca79ec42cfc1931183f"
